
Microsoft Visual Studio Solution File, Format Version 12.00
# Visual Studio Version 17
VisualStudioVersion = 17.4.33205.214
MinimumVisualStudioVersion = 10.0.40219.1
Project("{FAE04EC0-301F-11D3-BF4B-00C04F79EFBC}") = "Abstract Factory", "Abstract Factory.csproj", "{EC506FB8-55AB-470C-9AFB-5D4EC9BE91C2}"
EndProject
Global
	GlobalSection(SolutionConfigurationPlatforms) = preSolution
		Debug|Any CPU = Debug|Any CPU
		Release|Any CPU = Release|Any CPU
	EndGlobalSection
	GlobalSection(ProjectConfigurationPlatforms) = postSolution
		{EC506FB8-55AB-470C-9AFB-5D4EC9BE91C2}.Debug|Any CPU.ActiveCfg = Debug|Any CPU
		{EC506FB8-55AB-470C-9AFB-5D4EC9BE91C2}.Debug|Any CPU.Build.0 = Debug|Any CPU
		{EC506FB8-55AB-470C-9AFB-5D4EC9BE91C2}.Release|Any CPU.ActiveCfg = Release|Any CPU
		{EC506FB8-55AB-470C-9AFB-5D4EC9BE91C2}.Release|Any CPU.Build.0 = Release|Any CPU
	EndGlobalSection
	GlobalSection(SolutionProperties) = preSolution
		HideSolutionNode = FALSE
	EndGlobalSection
	GlobalSection(ExtensibilityGlobals) = postSolution
		SolutionGuid = {D888608F-30F4-4120-8E02-1180A393D8F9}
	EndGlobalSection
EndGlobal
